
Microsoft Visual Studio Solution File, Format Version 12.00
# Visual Studio Version 16
VisualStudioVersion = 16.0.30804.86
MinimumVisualStudioVersion = 10.0.40219.1
Project("{FAE04EC0-301F-11D3-BF4B-00C04F79EFBC}") = "WorkHours1", "WorkHours1\WorkHours1.csproj", "{0CBECBC9-455A-47A6-A037-D73CD3D0E15F}"
EndProject
Global
	GlobalSection(SolutionConfigurationPlatforms) = preSolution
		Debug|Any CPU = Debug|Any CPU
		Release|Any CPU = Release|Any CPU
	EndGlobalSection
	GlobalSection(ProjectConfigurationPlatforms) = postSolution
		{0CBECBC9-455A-47A6-A037-D73CD3D0E15F}.Debug|Any CPU.ActiveCfg = Debug|Any CPU
		{0CBECBC9-455A-47A6-A037-D73CD3D0E15F}.Debug|Any CPU.Build.0 = Debug|Any CPU
		{0CBECBC9-455A-47A6-A037-D73CD3D0E15F}.Release|Any CPU.ActiveCfg = Release|Any CPU
		{0CBECBC9-455A-47A6-A037-D73CD3D0E15F}.Release|Any CPU.Build.0 = Release|Any CPU
	EndGlobalSection
	GlobalSection(SolutionProperties) = preSolution
		HideSolutionNode = FALSE
	EndGlobalSection
	GlobalSection(ExtensibilityGlobals) = postSolution
		SolutionGuid = {AB991C6C-5CA0-498D-912B-8792D91B82E2}
	EndGlobalSection
EndGlobal
